
Microsoft Visual Studio Solution File, Format Version 12.00
# Visual Studio Version 16
VisualStudioVersion = 16.0.33529.622
MinimumVisualStudioVersion = 10.0.40219.1
Project("{FAE04EC0-301F-11D3-BF4B-00C04F79EFBC}") = "TicketsVR1", "TicketsVR1\TicketsVR1.csproj", "{16E0E77F-B2F1-4331-9BE7-F26E8FADDBF0}"
EndProject
Global
	GlobalSection(SolutionConfigurationPlatforms) = preSolution
		Debug|Any CPU = Debug|Any CPU
		Release|Any CPU = Release|Any CPU
	EndGlobalSection
	GlobalSection(ProjectConfigurationPlatforms) = postSolution
		{16E0E77F-B2F1-4331-9BE7-F26E8FADDBF0}.Debug|Any CPU.ActiveCfg = Debug|Any CPU
		{16E0E77F-B2F1-4331-9BE7-F26E8FADDBF0}.Debug|Any CPU.Build.0 = Debug|Any CPU
		{16E0E77F-B2F1-4331-9BE7-F26E8FADDBF0}.Release|Any CPU.ActiveCfg = Release|Any CPU
		{16E0E77F-B2F1-4331-9BE7-F26E8FADDBF0}.Release|Any CPU.Build.0 = Release|Any CPU
	EndGlobalSection
	GlobalSection(SolutionProperties) = preSolution
		HideSolutionNode = FALSE
	EndGlobalSection
	GlobalSection(ExtensibilityGlobals) = postSolution
		SolutionGuid = {3318CB3A-62EE-4F17-9B75-1F855D824F3D}
	EndGlobalSection
EndGlobal
